
Microsoft Visual Studio Solution File, Format Version 12.00
# Visual Studio Version 17
VisualStudioVersion = 17.1.32319.34
MinimumVisualStudioVersion = 10.0.40219.1
Project("{9A19103F-16F7-4668-BE54-9A1E7A4F7556}") = "UnitTest_Mock", "UnitTest_Mock\UnitTest_Mock.csproj", "{332F6EFE-DBA0-4B1B-B7F2-5D22D2427F4A}"
EndProject
Project("{FAE04EC0-301F-11D3-BF4B-00C04F79EFBC}") = "UnitTesting", "UnitTesting\UnitTesting.csproj", "{A816071C-1333-40DB-872F-2C77866190A9}"
	ProjectSection(ProjectDependencies) = postProject
		{332F6EFE-DBA0-4B1B-B7F2-5D22D2427F4A} = {332F6EFE-DBA0-4B1B-B7F2-5D22D2427F4A}
	EndProjectSection
EndProject
Global
	GlobalSection(SolutionConfigurationPlatforms) = preSolution
		Debug|Any CPU = Debug|Any CPU
		Release|Any CPU = Release|Any CPU
	EndGlobalSection
	GlobalSection(ProjectConfigurationPlatforms) = postSolution
		{332F6EFE-DBA0-4B1B-B7F2-5D22D2427F4A}.Debug|Any CPU.ActiveCfg = Debug|Any CPU
		{332F6EFE-DBA0-4B1B-B7F2-5D22D2427F4A}.Debug|Any CPU.Build.0 = Debug|Any CPU
		{332F6EFE-DBA0-4B1B-B7F2-5D22D2427F4A}.Release|Any CPU.ActiveCfg = Release|Any CPU
		{332F6EFE-DBA0-4B1B-B7F2-5D22D2427F4A}.Release|Any CPU.Build.0 = Release|Any CPU
		{A816071C-1333-40DB-872F-2C77866190A9}.Debug|Any CPU.ActiveCfg = Debug|Any CPU
		{A816071C-1333-40DB-872F-2C77866190A9}.Debug|Any CPU.Build.0 = Debug|Any CPU
		{A816071C-1333-40DB-872F-2C77866190A9}.Release|Any CPU.ActiveCfg = Release|Any CPU
		{A816071C-1333-40DB-872F-2C77866190A9}.Release|Any CPU.Build.0 = Release|Any CPU
	EndGlobalSection
	GlobalSection(SolutionProperties) = preSolution
		HideSolutionNode = FALSE
	EndGlobalSection
	GlobalSection(ExtensibilityGlobals) = postSolution
		SolutionGuid = {A093CAA8-CD6A-4A52-8E37-7ADE0A5CF1FC}
	EndGlobalSection
EndGlobal
